
Microsoft Visual Studio Solution File, Format Version 12.00
# Visual Studio 15
VisualStudioVersion = 15.0.28307.572
MinimumVisualStudioVersion = 10.0.40219.1
Project("{FAE04EC0-301F-11D3-BF4B-00C04F79EFBC}") = "Tests", "Tests\Tests.csproj", "{F1C18837-FC56-4CDC-938C-34A52284F315}"
EndProject
Project("{FAE04EC0-301F-11D3-BF4B-00C04F79EFBC}") = "Pages", "Pages\Pages.csproj", "{6EFB2FDD-5C16-42C7-A3ED-EB90FF91E73B}"
EndProject
Project("{FAE04EC0-301F-11D3-BF4B-00C04F79EFBC}") = "Core", "Core\Core.csproj", "{D2EBA817-6A76-48DA-9260-853FA11677D5}"
EndProject
Global
	GlobalSection(SolutionConfigurationPlatforms) = preSolution
		Debug|Any CPU = Debug|Any CPU
		Release|Any CPU = Release|Any CPU
	EndGlobalSection
	GlobalSection(ProjectConfigurationPlatforms) = postSolution
		{F1C18837-FC56-4CDC-938C-34A52284F315}.Debug|Any CPU.ActiveCfg = Debug|Any CPU
		{F1C18837-FC56-4CDC-938C-34A52284F315}.Debug|Any CPU.Build.0 = Debug|Any CPU
		{F1C18837-FC56-4CDC-938C-34A52284F315}.Release|Any CPU.ActiveCfg = Release|Any CPU
		{F1C18837-FC56-4CDC-938C-34A52284F315}.Release|Any CPU.Build.0 = Release|Any CPU
		{6EFB2FDD-5C16-42C7-A3ED-EB90FF91E73B}.Debug|Any CPU.ActiveCfg = Debug|Any CPU
		{6EFB2FDD-5C16-42C7-A3ED-EB90FF91E73B}.Debug|Any CPU.Build.0 = Debug|Any CPU
		{6EFB2FDD-5C16-42C7-A3ED-EB90FF91E73B}.Release|Any CPU.ActiveCfg = Release|Any CPU
		{6EFB2FDD-5C16-42C7-A3ED-EB90FF91E73B}.Release|Any CPU.Build.0 = Release|Any CPU
		{D2EBA817-6A76-48DA-9260-853FA11677D5}.Debug|Any CPU.ActiveCfg = Debug|Any CPU
		{D2EBA817-6A76-48DA-9260-853FA11677D5}.Debug|Any CPU.Build.0 = Debug|Any CPU
		{D2EBA817-6A76-48DA-9260-853FA11677D5}.Release|Any CPU.ActiveCfg = Release|Any CPU
		{D2EBA817-6A76-48DA-9260-853FA11677D5}.Release|Any CPU.Build.0 = Release|Any CPU
	EndGlobalSection
	GlobalSection(SolutionProperties) = preSolution
		HideSolutionNode = FALSE
	EndGlobalSection
	GlobalSection(ExtensibilityGlobals) = postSolution
		SolutionGuid = {BA5F20E1-CDB8-4B4A-8327-AAA380652DF9}
	EndGlobalSection
EndGlobal
